// !$*UTF8*$!
{
	archiveVersion = 1;
	classes = {
	};
	objectVersion = 56;
	objects = {

/* Begin PBXBuildFile section */
		20C4D82C2B44B9DE006DF61D /* ContactAppApp.swift in Sources */ = {isa = PBXBuildFile; fileRef = 20C4D82B2B44B9DE006DF61D /* ContactAppApp.swift */; };
		20C4D82E2B44B9DE006DF61D /* ContentView.swift in Sources */ = {isa = PBXBuildFile; fileRef = 20C4D82D2B44B9DE006DF61D /* ContentView.swift */; };
		20C4D8302B44B9DF006DF61D /* Assets.xcassets in Resources */ = {isa = PBXBuildFile; fileRef = 20C4D82F2B44B9DF006DF61D /* Assets.xcassets */; };
		20C4D8332B44B9DF006DF61D /* Preview Assets.xcassets in Resources */ = {isa = PBXBuildFile; fileRef = 20C4D8322B44B9DF006DF61D /* Preview Assets.xcassets */; };
		20C4D83B2B44BA2E006DF61D /* ContactsDataModel.xcdatamodeld in Sources */ = {isa = PBXBuildFile; fileRef = 20C4D8392B44BA2E006DF61D /* ContactsDataModel.xcdatamodeld */; };
		20C4D83D2B44BBFD006DF61D /* Contact.swift in Sources */ = {isa = PBXBuildFile; fileRef = 20C4D83C2B44BBFD006DF61D /* Contact.swift */; };
		20C4D8412B44BE79006DF61D /* ContactsProvider.swift in Sources */ = {isa = PBXBuildFile; fileRef = 20C4D8402B44BE79006DF61D /* ContactsProvider.swift */; };
		20C4D8432B44C351006DF61D /* ContactRowView.swift in Sources */ = {isa = PBXBuildFile; fileRef = 20C4D8422B44C351006DF61D /* ContactRowView.swift */; };
		20C4DCCC2B4612DA002E7BE4 /* ContactDetailView.swift in Sources */ = {isa = PBXBuildFile; fileRef = 20C4DCCB2B4612DA002E7BE4 /* ContactDetailView.swift */; };
		20C4DCCE2B4614E4002E7BE4 /* CreateContactView.swift in Sources */ = {isa = PBXBuildFile; fileRef = 20C4DCCD2B4614E4002E7BE4 /* CreateContactView.swift */; };
/* End PBXBuildFile section */

/* Begin PBXFileReference section */
		20C4D8282B44B9DE006DF61D /* ContactApp.app */ = {isa = PBXFileReference; explicitFileType = wrapper.application; includeInIndex = 0; path = ContactApp.app; sourceTree = BUILT_PRODUCTS_DIR; };
		20C4D82B2B44B9DE006DF61D /* ContactAppApp.swift */ = {isa = PBXFileReference; lastKnownFileType = sourcecode.swift; path = ContactAppApp.swift; sourceTree = "<group>"; };
		20C4D82D2B44B9DE006DF61D /* ContentView.swift */ = {isa = PBXFileReference; lastKnownFileType = sourcecode.swift; path = ContentView.swift; sourceTree = "<group>"; };
		20C4D82F2B44B9DF006DF61D /* Assets.xcassets */ = {isa = PBXFileReference; lastKnownFileType = folder.assetcatalog; path = Assets.xcassets; sourceTree = "<group>"; };
		20C4D8322B44B9DF006DF61D /* Preview Assets.xcassets */ = {isa = PBXFileReference; lastKnownFileType = folder.assetcatalog; path = "Preview Assets.xcassets"; sourceTree = "<group>"; };
		20C4D83A2B44BA2E006DF61D /* ContactsDataModel.xcdatamodel */ = {isa = PBXFileReference; lastKnownFileType = wrapper.xcdatamodel; path = ContactsDataModel.xcdatamodel; sourceTree = "<group>"; };
		20C4D83C2B44BBFD006DF61D /* Contact.swift */ = {isa = PBXFileReference; lastKnownFileType = sourcecode.swift; path = Contact.swift; sourceTree = "<group>"; };
		20C4D8402B44BE79006DF61D /* ContactsProvider.swift */ = {isa = PBXFileReference; lastKnownFileType = sourcecode.swift; path = ContactsProvider.swift; sourceTree = "<group>"; };
		20C4D8422B44C351006DF61D /* ContactRowView.swift */ = {isa = PBXFileReference; lastKnownFileType = sourcecode.swift; path = ContactRowView.swift; sourceTree = "<group>"; };
		20C4DCCB2B4612DA002E7BE4 /* ContactDetailView.swift */ = {isa = PBXFileReference; lastKnownFileType = sourcecode.swift; path = ContactDetailView.swift; sourceTree = "<group>"; };
		20C4DCCD2B4614E4002E7BE4 /* CreateContactView.swift */ = {isa = PBXFileReference; lastKnownFileType = sourcecode.swift; path = CreateContactView.swift; sourceTree = "<group>"; };
/* End PBXFileReference section */

/* Begin PBXFrameworksBuildPhase section */
		20C4D8252B44B9DE006DF61D /* Frameworks */ = {
			isa = PBXFrameworksBuildPhase;
			buildActionMask = 2147483647;
			files = (
			);
			runOnlyForDeploymentPostprocessing = 0;
		};
/* End PBXFrameworksBuildPhase section */

/* Begin PBXGroup section */
		20C4D81F2B44B9DD006DF61D = {
			isa = PBXGroup;
			children = (
				20C4D82A2B44B9DE006DF61D /* ContactApp */,
				20C4D8292B44B9DE006DF61D /* Products */,
			);
			sourceTree = "<group>";
		};
		20C4D8292B44B9DE006DF61D /* Products */ = {
			isa = PBXGroup;
			children = (
				20C4D8282B44B9DE006DF61D /* ContactApp.app */,
			);
			name = Products;
			sourceTree = "<group>";
		};
		20C4D82A2B44B9DE006DF61D /* ContactApp */ = {
			isa = PBXGroup;
			children = (
				20C4D83F2B44BE5A006DF61D /* Provider */,
				20C4D82B2B44B9DE006DF61D /* ContactAppApp.swift */,
				20C4D82D2B44B9DE006DF61D /* ContentView.swift */,
				20C4DCCD2B4614E4002E7BE4 /* CreateContactView.swift */,
				20C4D8422B44C351006DF61D /* ContactRowView.swift */,
				20C4DCCB2B4612DA002E7BE4 /* ContactDetailView.swift */,
				20C4D83E2B44BC37006DF61D /* Model */,
				20C4D8392B44BA2E006DF61D /* ContactsDataModel.xcdatamodeld */,
				20C4D82F2B44B9DF006DF61D /* Assets.xcassets */,
				20C4D8312B44B9DF006DF61D /* Preview Content */,
			);
			path = ContactApp;
			sourceTree = "<group>";
		};
		20C4D8312B44B9DF006DF61D /* Preview Content */ = {
			isa = PBXGroup;
			children = (
				20C4D8322B44B9DF006DF61D /* Preview Assets.xcassets */,
			);
			path = "Preview Content";
			sourceTree = "<group>";
		};
		20C4D83E2B44BC37006DF61D /* Model */ = {
			isa = PBXGroup;
			children = (
				20C4D83C2B44BBFD006DF61D /* Contact.swift */,
			);
			path = Model;
			sourceTree = "<group>";
		};
		20C4D83F2B44BE5A006DF61D /* Provider */ = {
			isa = PBXGroup;
			children = (
				20C4D8402B44BE79006DF61D /* ContactsProvider.swift */,
			);
			path = Provider;
			sourceTree = "<group>";
		};
/* End PBXGroup section */

/* Begin PBXNativeTarget section */
		20C4D8272B44B9DE006DF61D /* ContactApp */ = {
			isa = PBXNativeTarget;
			buildConfigurationList = 20C4D8362B44B9DF006DF61D /* Build configuration list for PBXNativeTarget "ContactApp" */;
			buildPhases = (
				20C4D8242B44B9DE006DF61D /* Sources */,
				20C4D8252B44B9DE006DF61D /* Frameworks */,
				20C4D8262B44B9DE006DF61D /* Resources */,
			);
			buildRules = (
			);
			dependencies = (
			);
			name = ContactApp;
			productName = ContactApp;
			productReference = 20C4D8282B44B9DE006DF61D /* ContactApp.app */;
			productType = "com.apple.product-type.application";
		};
/* End PBXNativeTarget section */

/* Begin PBXProject section */
		20C4D8202B44B9DE006DF61D /* Project object */ = {
			isa = PBXProject;
			attributes = {
				BuildIndependentTargetsInParallel = 1;
				LastSwiftUpdateCheck = 1500;
				LastUpgradeCheck = 1500;
				TargetAttributes = {
					20C4D8272B44B9DE006DF61D = {
						CreatedOnToolsVersion = 15.0.1;
					};
				};
			};
			buildConfigurationList = 20C4D8232B44B9DE006DF61D /* Build configuration list for PBXProject "ContactApp" */;
			compatibilityVersion = "Xcode 14.0";
			developmentRegion = en;
			hasScannedForEncodings = 0;
			knownRegions = (
				en,
				Base,
			);
			mainGroup = 20C4D81F2B44B9DD006DF61D;
			productRefGroup = 20C4D8292B44B9DE006DF61D /* Products */;
			projectDirPath = "";
			projectRoot = "";
			targets = (
				20C4D8272B44B9DE006DF61D /* ContactApp */,
			);
		};
/* End PBXProject section */

/* Begin PBXResourcesBuildPhase section */
		20C4D8262B44B9DE006DF61D /* Resources */ = {
			isa = PBXResourcesBuildPhase;
			buildActionMask = 2147483647;
			files = (
				20C4D8332B44B9DF006DF61D /* Preview Assets.xcassets in Resources */,
				20C4D8302B44B9DF006DF61D /* Assets.xcassets in Resources */,
			);
			runOnlyForDeploymentPostprocessing = 0;
		};
/* End PBXResourcesBuildPhase section */

/* Begin PBXSourcesBuildPhase section */
		20C4D8242B44B9DE006DF61D /* Sources */ = {
			isa = PBXSourcesBuildPhase;
			buildActionMask = 2147483647;
			files = (
				20C4D83D2B44BBFD006DF61D /* Contact.swift in Sources */,
				20C4D8412B44BE79006DF61D /* ContactsProvider.swift in Sources */,
				20C4DCCC2B4612DA002E7BE4 /* ContactDetailView.swift in Sources */,
				20C4D83B2B44BA2E006DF61D /* ContactsDataModel.xcdatamodeld in Sources */,
				20C4D82E2B44B9DE006DF61D /* ContentView.swift in Sources */,
				20C4DCCE2B4614E4002E7BE4 /* CreateContactView.swift in Sources */,
				20C4D82C2B44B9DE006DF61D /* ContactAppApp.swift in Sources */,
				20C4D8432B44C351006DF61D /* ContactRowView.swift in Sources */,
			);
			runOnlyForDeploymentPostprocessing = 0;
		};
/* End PBXSourcesBuildPhase section */

/* Begin XCBuildConfiguration section */
		20C4D8342B44B9DF006DF61D /* Debug */ = {
			isa = XCBuildConfiguration;
			buildSettings = {
				ALWAYS_SEARCH_USER_PATHS = NO;
				ASSETCATALOG_COMPILER_GENERATE_SWIFT_ASSET_SYMBOL_EXTENSIONS = YES;
				CLANG_ANALYZER_NONNULL = YES;
				CLANG_ANALYZER_NUMBER_OBJECT_CONVERSION = YES_AGGRESSIVE;
				CLANG_CXX_LANGUAGE_STANDARD = "gnu++20";
				CLANG_ENABLE_MODULES = YES;
				CLANG_ENABLE_OBJC_ARC = YES;
				CLANG_ENABLE_OBJC_WEAK = YES;
				CLANG_WARN_BLOCK_CAPTURE_AUTORELEASING = YES;
				CLANG_WARN_BOOL_CONVERSION = YES;
				CLANG_WARN_COMMA = YES;
				CLANG_WARN_CONSTANT_CONVERSION = YES;
				CLANG_WARN_DEPRECATED_OBJC_IMPLEMENTATIONS = YES;
				CLANG_WARN_DIRECT_OBJC_ISA_USAGE = YES_ERROR;
				CLANG_WARN_DOCUMENTATION_COMMENTS = YES;
				CLANG_WARN_EMPTY_BODY = YES;
				CLANG_WARN_ENUM_CONVERSION = YES;
				CLANG_WARN_INFINITE_RECURSION = YES;
				CLANG_WARN_INT_CONVERSION = YES;
				CLANG_WARN_NON_LITERAL_NULL_CONVERSION = YES;
				CLANG_WARN_OBJC_IMPLICIT_RETAIN_SELF = YES;
				CLANG_WARN_OBJC_LITERAL_CONVERSION = YES;
				CLANG_WARN_OBJC_ROOT_CLASS = YES_ERROR;
				CLANG_WARN_QUOTED_INCLUDE_IN_FRAMEWORK_HEADER = YES;
				CLANG_WARN_RANGE_LOOP_ANALYSIS = YES;
				CLANG_WARN_STRICT_PROTOTYPES = YES;
				CLANG_WARN_SUSPICIOUS_MOVE = YES;
				CLANG_WARN_UNGUARDED_AVAILABILITY = YES_AGGRESSIVE;
				CLANG_WARN_UNREACHABLE_CODE = YES;
				CLANG_WARN__DUPLICATE_METHOD_MATCH = YES;
				COPY_PHASE_STRIP = NO;
				DEBUG_INFORMATION_FORMAT = dwarf;
				ENABLE_STRICT_OBJC_MSGSEND = YES;
				ENABLE_TESTABILITY = YES;
				ENABLE_USER_SCRIPT_SANDBOXING = YES;
				GCC_C_LANGUAGE_STANDARD = gnu17;
				GCC_DYNAMIC_NO_PIC = NO;
				GCC_NO_COMMON_BLOCKS = YES;
				GCC_OPTIMIZATION_LEVEL = 0;
				GCC_PREPROCESSOR_DEFINITIONS = (
					"DEBUG=1",
					"$(inherited)",
				);
				GCC_WARN_64_TO_32_BIT_CONVERSION = YES;
				GCC_WARN_ABOUT_RETURN_TYPE = YES_ERROR;
				GCC_WARN_UNDECLARED_SELECTOR = YES;
				GCC_WARN_UNINITIALIZED_AUTOS = YES_AGGRESSIVE;
				GCC_WARN_UNUSED_FUNCTION = YES;
				GCC_WARN_UNUSED_VARIABLE = YES;
				IPHONEOS_DEPLOYMENT_TARGET = 17.0;
				LOCALIZATION_PREFERS_STRING_CATALOGS = YES;
				MTL_ENABLE_DEBUG_INFO = INCLUDE_SOURCE;
				MTL_FAST_MATH = YES;
				ONLY_ACTIVE_ARCH = YES;
				SDKROOT = iphoneos;
				SWIFT_ACTIVE_COMPILATION_CONDITIONS = "DEBUG $(inherited)";
				SWIFT_OPTIMIZATION_LEVEL = "-Onone";
			};
			name = Debug;
		};
		20C4D8352B44B9DF006DF61D /* Release */ = {
			isa = XCBuildConfiguration;
			buildSettings = {
				ALWAYS_SEARCH_USER_PATHS = NO;
				ASSETCATALOG_COMPILER_GENERATE_SWIFT_ASSET_SYMBOL_EXTENSIONS = YES;
				CLANG_ANALYZER_NONNULL = YES;
				CLANG_ANALYZER_NUMBER_OBJECT_CONVERSION = YES_AGGRESSIVE;
				CLANG_CXX_LANGUAGE_STANDARD = "gnu++20";
				CLANG_ENABLE_MODULES = YES;
				CLANG_ENABLE_OBJC_ARC = YES;
				CLANG_ENABLE_OBJC_WEAK = YES;
				CLANG_WARN_BLOCK_CAPTURE_AUTORELEASING = YES;
				CLANG_WARN_BOOL_CONVERSION = YES;
				CLANG_WARN_COMMA = YES;
				CLANG_WARN_CONSTANT_CONVERSION = YES;
				CLANG_WARN_DEPRECATED_OBJC_IMPLEMENTATIONS = YES;
				CLANG_WARN_DIRECT_OBJC_ISA_USAGE = YES_ERROR;
				CLANG_WARN_DOCUMENTATION_COMMENTS = YES;
				CLANG_WARN_EMPTY_BODY = YES;
				CLANG_WARN_ENUM_CONVERSION = YES;
				CLANG_WARN_INFINITE_RECURSION = YES;
				CLANG_WARN_INT_CONVERSION = YES;
				CLANG_WARN_NON_LITERAL_NULL_CONVERSION = YES;
				CLANG_WARN_OBJC_IMPLICIT_RETAIN_SELF = YES;
				CLANG_WARN_OBJC_LITERAL_CONVERSION = YES;
				CLANG_WARN_OBJC_ROOT_CLASS = YES_ERROR;
				CLANG_WARN_QUOTED_INCLUDE_IN_FRAMEWORK_HEADER = YES;
				CLANG_WARN_RANGE_LOOP_ANALYSIS = YES;
				CLANG_WARN_STRICT_PROTOTYPES = YES;
				CLANG_WARN_SUSPICIOUS_MOVE = YES;
				CLANG_WARN_UNGUARDED_AVAILABILITY = YES_AGGRESSIVE;
				CLANG_WARN_UNREACHABLE_CODE = YES;
				CLANG_WARN__DUPLICATE_METHOD_MATCH = YES;
				COPY_PHASE_STRIP = NO;
				DEBUG_INFORMATION_FORMAT = "dwarf-with-dsym";
				ENABLE_NS_ASSERTIONS = NO;
				ENABLE_STRICT_OBJC_MSGSEND = YES;
				ENABLE_USER_SCRIPT_SANDBOXING = YES;
				GCC_C_LANGUAGE_STANDARD = gnu17;
				GCC_NO_COMMON_BLOCKS = YES;
				GCC_WARN_64_TO_32_BIT_CONVERSION = YES;
				GCC_WARN_ABOUT_RETURN_TYPE = YES_ERROR;
				GCC_WARN_UNDECLARED_SELECTOR = YES;
				GCC_WARN_UNINITIALIZED_AUTOS = YES_AGGRESSIVE;
				GCC_WARN_UNUSED_FUNCTION = YES;
				GCC_WARN_UNUSED_VARIABLE = YES;
				IPHONEOS_DEPLOYMENT_TARGET = 17.0;
				LOCALIZATION_PREFERS_STRING_CATALOGS = YES;
				MTL_ENABLE_DEBUG_INFO = NO;
				MTL_FAST_MATH = YES;
				SDKROOT = iphoneos;
				SWIFT_COMPILATION_MODE = wholemodule;
				VALIDATE_PRODUCT = YES;
			};
			name = Release;
		};
		20C4D8372B44B9DF006DF61D /* Debug */ = {
			isa = XCBuildConfiguration;
			buildSettings = {
				ASSETCATALOG_COMPILER_APPICON_NAME = AppIcon;
				ASSETCATALOG_COMPILER_GLOBAL_ACCENT_COLOR_NAME = AccentColor;
				CODE_SIGN_STYLE = Automatic;
				CURRENT_PROJECT_VERSION = 1;
				DEVELOPMENT_ASSET_PATHS = "\"ContactApp/Preview Content\"";
				DEVELOPMENT_TEAM = 794A7PJ53M;
				ENABLE_PREVIEWS = YES;
				GENERATE_INFOPLIST_FILE = YES;
				INFOPLIST_KEY_UIApplicationSceneManifest_Generation = YES;
				INFOPLIST_KEY_UIApplicationSupportsIndirectInputEvents = YES;
				INFOPLIST_KEY_UILaunchScreen_Generation = YES;
				INFOPLIST_KEY_UISupportedInterfaceOrientations_iPad = "UIInterfaceOrientationPortrait UIInterfaceOrientationPortraitUpsideDown UIInterfaceOrientationLandscapeLeft UIInterfaceOrientationLandscapeRight";
				INFOPLIST_KEY_UISupportedInterfaceOrientations_iPhone = "UIInterfaceOrientationPortrait UIInterfaceOrientationLandscapeLeft UIInterfaceOrientationLandscapeRight";
				LD_RUNPATH_SEARCH_PATHS = (
					"$(inherited)",
					"@executable_path/Frameworks",
				);
				MARKETING_VERSION = 1.0;
				PRODUCT_BUNDLE_IDENTIFIER = ua.ContactApp;
				PRODUCT_NAME = "$(TARGET_NAME)";
				SWIFT_EMIT_LOC_STRINGS = YES;
				SWIFT_VERSION = 5.0;
				TARGETED_DEVICE_FAMILY = "1,2";
			};
			name = Debug;
		};
		20C4D8382B44B9DF006DF61D /* Release */ = {
			isa = XCBuildConfiguration;
			buildSettings = {
				ASSETCATALOG_COMPILER_APPICON_NAME = AppIcon;
				ASSETCATALOG_COMPILER_GLOBAL_ACCENT_COLOR_NAME = AccentColor;
				CODE_SIGN_STYLE = Automatic;
				CURRENT_PROJECT_VERSION = 1;
				DEVELOPMENT_ASSET_PATHS = "\"ContactApp/Preview Content\"";
				DEVELOPMENT_TEAM = 794A7PJ53M;
				ENABLE_PREVIEWS = YES;
				GENERATE_INFOPLIST_FILE = YES;
				INFOPLIST_KEY_UIApplicationSceneManifest_Generation = YES;
				INFOPLIST_KEY_UIApplicationSupportsIndirectInputEvents = YES;
				INFOPLIST_KEY_UILaunchScreen_Generation = YES;
				INFOPLIST_KEY_UISupportedInterfaceOrientations_iPad = "UIInterfaceOrientationPortrait UIInterfaceOrientationPortraitUpsideDown UIInterfaceOrientationLandscapeLeft UIInterfaceOrientationLandscapeRight";
				INFOPLIST_KEY_UISupportedInterfaceOrientations_iPhone = "UIInterfaceOrientationPortrait UIInterfaceOrientationLandscapeLeft UIInterfaceOrientationLandscapeRight";
				LD_RUNPATH_SEARCH_PATHS = (
					"$(inherited)",
					"@executable_path/Frameworks",
				);
				MARKETING_VERSION = 1.0;
				PRODUCT_BUNDLE_IDENTIFIER = ua.ContactApp;
				PRODUCT_NAME = "$(TARGET_NAME)";
				SWIFT_EMIT_LOC_STRINGS = YES;
				SWIFT_VERSION = 5.0;
				TARGETED_DEVICE_FAMILY = "1,2";
			};
			name = Release;
		};
/* End XCBuildConfiguration section */

/* Begin XCConfigurationList section */
		20C4D8232B44B9DE006DF61D /* Build configuration list for PBXProject "ContactApp" */ = {
			isa = XCConfigurationList;
			buildConfigurations = (
				20C4D8342B44B9DF006DF61D /* Debug */,
				20C4D8352B44B9DF006DF61D /* Release */,
			);
			defaultConfigurationIsVisible = 0;
			defaultConfigurationName = Release;
		};
		20C4D8362B44B9DF006DF61D /* Build configuration list for PBXNativeTarget "ContactApp" */ = {
			isa = XCConfigurationList;
			buildConfigurations = (
				20C4D8372B44B9DF006DF61D /* Debug */,
				20C4D8382B44B9DF006DF61D /* Release */,
			);
			defaultConfigurationIsVisible = 0;
			defaultConfigurationName = Release;
		};
/* End XCConfigurationList section */

/* Begin XCVersionGroup section */
		20C4D8392B44BA2E006DF61D /* ContactsDataModel.xcdatamodeld */ = {
			isa = XCVersionGroup;
			children = (
				20C4D83A2B44BA2E006DF61D /* ContactsDataModel.xcdatamodel */,
			);
			currentVersion = 20C4D83A2B44BA2E006DF61D /* ContactsDataModel.xcdatamodel */;
			path = ContactsDataModel.xcdatamodeld;
			sourceTree = "<group>";
			versionGroupType = wrapper.xcdatamodel;
		};
/* End XCVersionGroup section */
	};
	rootObject = 20C4D8202B44B9DE006DF61D /* Project object */;
}
